// !$*UTF8*$!
{
	archiveVersion = 1;
	classes = {
	};
	objectVersion = 46;
	objects = {

/* Begin PBXBuildFile section */
		E1B74E0A1DA3240400E008E0 /* AppDelegate.swift in Sources */ = {isa = PBXBuildFile; fileRef = E1B74E091DA3240400E008E0 /* AppDelegate.swift */; };
		E1B74E0C1DA3240400E008E0 /* ViewController.swift in Sources */ = {isa = PBXBuildFile; fileRef = E1B74E0B1DA3240400E008E0 /* ViewController.swift */; };
		E1B74E0F1DA3240400E008E0 /* Main.storyboard in Resources */ = {isa = PBXBuildFile; fileRef = E1B74E0D1DA3240400E008E0 /* Main.storyboard */; };
		E1B74E111DA3240400E008E0 /* Assets.xcassets in Resources */ = {isa = PBXBuildFile; fileRef = E1B74E101DA3240400E008E0 /* Assets.xcassets */; };
		E1B74E141DA3240400E008E0 /* LaunchScreen.storyboard in Resources */ = {isa = PBXBuildFile; fileRef = E1B74E121DA3240400E008E0 /* LaunchScreen.storyboard */; };
		E1B74E1F1DA3240400E008E0 /* BuzzTests.swift in Sources */ = {isa = PBXBuildFile; fileRef = E1B74E1E1DA3240400E008E0 /* BuzzTests.swift */; };
		E1B74E2A1DA3628500E008E0 /* DiagonalDifference.swift in Sources */ = {isa = PBXBuildFile; fileRef = E1B74E291DA3628500E008E0 /* DiagonalDifference.swift */; };
		E1B74E2C1DA365EC00E008E0 /* PlusMinus.swift in Sources */ = {isa = PBXBuildFile; fileRef = E1B74E2B1DA365EC00E008E0 /* PlusMinus.swift */; };
		E1B74E2E1DA36BA300E008E0 /* Staircase.swift in Sources */ = {isa = PBXBuildFile; fileRef = E1B74E2D1DA36BA300E008E0 /* Staircase.swift */; };
/* End PBXBuildFile section */

/* Begin PBXContainerItemProxy section */
		E1B74E1B1DA3240400E008E0 /* PBXContainerItemProxy */ = {
			isa = PBXContainerItemProxy;
			containerPortal = E1B74DFE1DA3240400E008E0 /* Project object */;
			proxyType = 1;
			remoteGlobalIDString = E1B74E051DA3240400E008E0;
			remoteInfo = Buzz;
		};
/* End PBXContainerItemProxy section */

/* Begin PBXFileReference section */
		E1B74E061DA3240400E008E0 /* Buzz.app */ = {isa = PBXFileReference; explicitFileType = wrapper.application; includeInIndex = 0; path = Buzz.app; sourceTree = BUILT_PRODUCTS_DIR; };
		E1B74E091DA3240400E008E0 /* AppDelegate.swift */ = {isa = PBXFileReference; lastKnownFileType = sourcecode.swift; path = AppDelegate.swift; sourceTree = "<group>"; };
		E1B74E0B1DA3240400E008E0 /* ViewController.swift */ = {isa = PBXFileReference; lastKnownFileType = sourcecode.swift; path = ViewController.swift; sourceTree = "<group>"; };
		E1B74E0E1DA3240400E008E0 /* Base */ = {isa = PBXFileReference; lastKnownFileType = file.storyboard; name = Base; path = Base.lproj/Main.storyboard; sourceTree = "<group>"; };
		E1B74E101DA3240400E008E0 /* Assets.xcassets */ = {isa = PBXFileReference; lastKnownFileType = folder.assetcatalog; path = Assets.xcassets; sourceTree = "<group>"; };
		E1B74E131DA3240400E008E0 /* Base */ = {isa = PBXFileReference; lastKnownFileType = file.storyboard; name = Base; path = Base.lproj/LaunchScreen.storyboard; sourceTree = "<group>"; };
		E1B74E151DA3240400E008E0 /* Info.plist */ = {isa = PBXFileReference; lastKnownFileType = text.plist.xml; path = Info.plist; sourceTree = "<group>"; };
		E1B74E1A1DA3240400E008E0 /* BuzzTests.xctest */ = {isa = PBXFileReference; explicitFileType = wrapper.cfbundle; includeInIndex = 0; path = BuzzTests.xctest; sourceTree = BUILT_PRODUCTS_DIR; };
		E1B74E1E1DA3240400E008E0 /* BuzzTests.swift */ = {isa = PBXFileReference; lastKnownFileType = sourcecode.swift; path = BuzzTests.swift; sourceTree = "<group>"; };
		E1B74E201DA3240400E008E0 /* Info.plist */ = {isa = PBXFileReference; lastKnownFileType = text.plist.xml; path = Info.plist; sourceTree = "<group>"; };
		E1B74E291DA3628500E008E0 /* DiagonalDifference.swift */ = {isa = PBXFileReference; fileEncoding = 4; lastKnownFileType = sourcecode.swift; path = DiagonalDifference.swift; sourceTree = "<group>"; };
		E1B74E2B1DA365EC00E008E0 /* PlusMinus.swift */ = {isa = PBXFileReference; fileEncoding = 4; lastKnownFileType = sourcecode.swift; path = PlusMinus.swift; sourceTree = "<group>"; };
		E1B74E2D1DA36BA300E008E0 /* Staircase.swift */ = {isa = PBXFileReference; fileEncoding = 4; lastKnownFileType = sourcecode.swift; path = Staircase.swift; sourceTree = "<group>"; };
/* End PBXFileReference section */

/* Begin PBXFrameworksBuildPhase section */
		E1B74E031DA3240400E008E0 /* Frameworks */ = {
			isa = PBXFrameworksBuildPhase;
			buildActionMask = 2147483647;
			files = (
			);
			runOnlyForDeploymentPostprocessing = 0;
		};
		E1B74E171DA3240400E008E0 /* Frameworks */ = {
			isa = PBXFrameworksBuildPhase;
			buildActionMask = 2147483647;
			files = (
			);
			runOnlyForDeploymentPostprocessing = 0;
		};
/* End PBXFrameworksBuildPhase section */

/* Begin PBXGroup section */
		E1B74DFD1DA3240400E008E0 = {
			isa = PBXGroup;
			children = (
				E1B74E081DA3240400E008E0 /* Buzz */,
				E1B74E1D1DA3240400E008E0 /* BuzzTests */,
				E1B74E071DA3240400E008E0 /* Products */,
			);
			sourceTree = "<group>";
		};
		E1B74E071DA3240400E008E0 /* Products */ = {
			isa = PBXGroup;
			children = (
				E1B74E061DA3240400E008E0 /* Buzz.app */,
				E1B74E1A1DA3240400E008E0 /* BuzzTests.xctest */,
			);
			name = Products;
			sourceTree = "<group>";
		};
		E1B74E081DA3240400E008E0 /* Buzz */ = {
			isa = PBXGroup;
			children = (
				E1B74E091DA3240400E008E0 /* AppDelegate.swift */,
				E1B74E0B1DA3240400E008E0 /* ViewController.swift */,
				E1B74E0D1DA3240400E008E0 /* Main.storyboard */,
				E1B74E101DA3240400E008E0 /* Assets.xcassets */,
				E1B74E121DA3240400E008E0 /* LaunchScreen.storyboard */,
				E1B74E151DA3240400E008E0 /* Info.plist */,
				E1B74E291DA3628500E008E0 /* DiagonalDifference.swift */,
				E1B74E2B1DA365EC00E008E0 /* PlusMinus.swift */,
				E1B74E2D1DA36BA300E008E0 /* Staircase.swift */,
			);
			path = Buzz;
			sourceTree = "<group>";
		};
		E1B74E1D1DA3240400E008E0 /* BuzzTests */ = {
			isa = PBXGroup;
			children = (
				E1B74E1E1DA3240400E008E0 /* BuzzTests.swift */,
				E1B74E201DA3240400E008E0 /* Info.plist */,
			);
			path = BuzzTests;
			sourceTree = "<group>";
		};
/* End PBXGroup section */

/* Begin PBXNativeTarget section */
		E1B74E051DA3240400E008E0 /* Buzz */ = {
			isa = PBXNativeTarget;
			buildConfigurationList = E1B74E231DA3240400E008E0 /* Build configuration list for PBXNativeTarget "Buzz" */;
			buildPhases = (
				E1B74E021DA3240400E008E0 /* Sources */,
				E1B74E031DA3240400E008E0 /* Frameworks */,
				E1B74E041DA3240400E008E0 /* Resources */,
			);
			buildRules = (
			);
			dependencies = (
			);
			name = Buzz;
			productName = Buzz;
			productReference = E1B74E061DA3240400E008E0 /* Buzz.app */;
			productType = "com.apple.product-type.application";
		};
		E1B74E191DA3240400E008E0 /* BuzzTests */ = {
			isa = PBXNativeTarget;
			buildConfigurationList = E1B74E261DA3240400E008E0 /* Build configuration list for PBXNativeTarget "BuzzTests" */;
			buildPhases = (
				E1B74E161DA3240400E008E0 /* Sources */,
				E1B74E171DA3240400E008E0 /* Frameworks */,
				E1B74E181DA3240400E008E0 /* Resources */,
			);
			buildRules = (
			);
			dependencies = (
				E1B74E1C1DA3240400E008E0 /* PBXTargetDependency */,
			);
			name = BuzzTests;
			productName = BuzzTests;
			productReference = E1B74E1A1DA3240400E008E0 /* BuzzTests.xctest */;
			productType = "com.apple.product-type.bundle.unit-test";
		};
/* End PBXNativeTarget section */

/* Begin PBXProject section */
		E1B74DFE1DA3240400E008E0 /* Project object */ = {
			isa = PBXProject;
			attributes = {
				LastSwiftUpdateCheck = 0800;
				LastUpgradeCheck = 0800;
				ORGANIZATIONNAME = "Arnott Industries, Inc.";
				TargetAttributes = {
					E1B74E051DA3240400E008E0 = {
						CreatedOnToolsVersion = 8.0;
						DevelopmentTeam = GU9878X2D5;
						ProvisioningStyle = Automatic;
					};
					E1B74E191DA3240400E008E0 = {
						CreatedOnToolsVersion = 8.0;
						DevelopmentTeam = GU9878X2D5;
						ProvisioningStyle = Automatic;
						TestTargetID = E1B74E051DA3240400E008E0;
					};
				};
			};
			buildConfigurationList = E1B74E011DA3240400E008E0 /* Build configuration list for PBXProject "Buzz" */;
			compatibilityVersion = "Xcode 3.2";
			developmentRegion = English;
			hasScannedForEncodings = 0;
			knownRegions = (
				en,
				Base,
			);
			mainGroup = E1B74DFD1DA3240400E008E0;
			productRefGroup = E1B74E071DA3240400E008E0 /* Products */;
			projectDirPath = "";
			projectRoot = "";
			targets = (
				E1B74E051DA3240400E008E0 /* Buzz */,
				E1B74E191DA3240400E008E0 /* BuzzTests */,
			);
		};
/* End PBXProject section */

/* Begin PBXResourcesBuildPhase section */
		E1B74E041DA3240400E008E0 /* Resources */ = {
			isa = PBXResourcesBuildPhase;
			buildActionMask = 2147483647;
			files = (
				E1B74E141DA3240400E008E0 /* LaunchScreen.storyboard in Resources */,
				E1B74E111DA3240400E008E0 /* Assets.xcassets in Resources */,
				E1B74E0F1DA3240400E008E0 /* Main.storyboard in Resources */,
			);
			runOnlyForDeploymentPostprocessing = 0;
		};
		E1B74E181DA3240400E008E0 /* Resources */ = {
			isa = PBXResourcesBuildPhase;
			buildActionMask = 2147483647;
			files = (
			);
			runOnlyForDeploymentPostprocessing = 0;
		};
/* End PBXResourcesBuildPhase section */

/* Begin PBXSourcesBuildPhase section */
		E1B74E021DA3240400E008E0 /* Sources */ = {
			isa = PBXSourcesBuildPhase;
			buildActionMask = 2147483647;
			files = (
				E1B74E0C1DA3240400E008E0 /* ViewController.swift in Sources */,
				E1B74E0A1DA3240400E008E0 /* AppDelegate.swift in Sources */,
				E1B74E2C1DA365EC00E008E0 /* PlusMinus.swift in Sources */,
				E1B74E2A1DA3628500E008E0 /* DiagonalDifference.swift in Sources */,
				E1B74E2E1DA36BA300E008E0 /* Staircase.swift in Sources */,
			);
			runOnlyForDeploymentPostprocessing = 0;
		};
		E1B74E161DA3240400E008E0 /* Sources */ = {
			isa = PBXSourcesBuildPhase;
			buildActionMask = 2147483647;
			files = (
				E1B74E1F1DA3240400E008E0 /* BuzzTests.swift in Sources */,
			);
			runOnlyForDeploymentPostprocessing = 0;
		};
/* End PBXSourcesBuildPhase section */

/* Begin PBXTargetDependency section */
		E1B74E1C1DA3240400E008E0 /* PBXTargetDependency */ = {
			isa = PBXTargetDependency;
			target = E1B74E051DA3240400E008E0 /* Buzz */;
			targetProxy = E1B74E1B1DA3240400E008E0 /* PBXContainerItemProxy */;
		};
/* End PBXTargetDependency section */

/* Begin PBXVariantGroup section */
		E1B74E0D1DA3240400E008E0 /* Main.storyboard */ = {
			isa = PBXVariantGroup;
			children = (
				E1B74E0E1DA3240400E008E0 /* Base */,
			);
			name = Main.storyboard;
			sourceTree = "<group>";
		};
		E1B74E121DA3240400E008E0 /* LaunchScreen.storyboard */ = {
			isa = PBXVariantGroup;
			children = (
				E1B74E131DA3240400E008E0 /* Base */,
			);
			name = LaunchScreen.storyboard;
			sourceTree = "<group>";
		};
/* End PBXVariantGroup section */

/* Begin XCBuildConfiguration section */
		E1B74E211DA3240400E008E0 /* Debug */ = {
			isa = XCBuildConfiguration;
			buildSettings = {
				ALWAYS_SEARCH_USER_PATHS = NO;
				CLANG_ANALYZER_NONNULL = YES;
				CLANG_CXX_LANGUAGE_STANDARD = "gnu++0x";
				CLANG_CXX_LIBRARY = "libc++";
				CLANG_ENABLE_MODULES = YES;
				CLANG_ENABLE_OBJC_ARC = YES;
				CLANG_WARN_BOOL_CONVERSION = YES;
				CLANG_WARN_CONSTANT_CONVERSION = YES;
				CLANG_WARN_DIRECT_OBJC_ISA_USAGE = YES_ERROR;
				CLANG_WARN_DOCUMENTATION_COMMENTS = YES;
				CLANG_WARN_EMPTY_BODY = YES;
				CLANG_WARN_ENUM_CONVERSION = YES;
				CLANG_WARN_INFINITE_RECURSION = YES;
				CLANG_WARN_INT_CONVERSION = YES;
				CLANG_WARN_OBJC_ROOT_CLASS = YES_ERROR;
				CLANG_WARN_SUSPICIOUS_MOVES = YES;
				CLANG_WARN_UNREACHABLE_CODE = YES;
				CLANG_WARN__DUPLICATE_METHOD_MATCH = YES;
				"CODE_SIGN_IDENTITY[sdk=iphoneos*]" = "iPhone Developer";
				COPY_PHASE_STRIP = NO;
				DEBUG_INFORMATION_FORMAT = dwarf;
				ENABLE_STRICT_OBJC_MSGSEND = YES;
				ENABLE_TESTABILITY = YES;
				GCC_C_LANGUAGE_STANDARD = gnu99;
				GCC_DYNAMIC_NO_PIC = NO;
				GCC_NO_COMMON_BLOCKS = YES;
				GCC_OPTIMIZATION_LEVEL = 0;
				GCC_PREPROCESSOR_DEFINITIONS = (
					"DEBUG=1",
					"$(inherited)",
				);
				GCC_WARN_64_TO_32_BIT_CONVERSION = YES;
				GCC_WARN_ABOUT_RETURN_TYPE = YES_ERROR;
				GCC_WARN_UNDECLARED_SELECTOR = YES;
				GCC_WARN_UNINITIALIZED_AUTOS = YES_AGGRESSIVE;
				GCC_WARN_UNUSED_FUNCTION = YES;
				GCC_WARN_UNUSED_VARIABLE = YES;
				IPHONEOS_DEPLOYMENT_TARGET = 10.0;
				MTL_ENABLE_DEBUG_INFO = YES;
				ONLY_ACTIVE_ARCH = YES;
				SDKROOT = iphoneos;
				SWIFT_ACTIVE_COMPILATION_CONDITIONS = DEBUG;
				SWIFT_OPTIMIZATION_LEVEL = "-Onone";
				TARGETED_DEVICE_FAMILY = "1,2";
			};
			name = Debug;
		};
		E1B74E221DA3240400E008E0 /* Release */ = {
			isa = XCBuildConfiguration;
			buildSettings = {
				ALWAYS_SEARCH_USER_PATHS = NO;
				CLANG_ANALYZER_NONNULL = YES;
				CLANG_CXX_LANGUAGE_STANDARD = "gnu++0x";
				CLANG_CXX_LIBRARY = "libc++";
				CLANG_ENABLE_MODULES = YES;
				CLANG_ENABLE_OBJC_ARC = YES;
				CLANG_WARN_BOOL_CONVERSION = YES;
				CLANG_WARN_CONSTANT_CONVERSION = YES;
				CLANG_WARN_DIRECT_OBJC_ISA_USAGE = YES_ERROR;
				CLANG_WARN_DOCUMENTATION_COMMENTS = YES;
				CLANG_WARN_EMPTY_BODY = YES;
				CLANG_WARN_ENUM_CONVERSION = YES;
				CLANG_WARN_INFINITE_RECURSION = YES;
				CLANG_WARN_INT_CONVERSION = YES;
				CLANG_WARN_OBJC_ROOT_CLASS = YES_ERROR;
				CLANG_WARN_SUSPICIOUS_MOVES = YES;
				CLANG_WARN_UNREACHABLE_CODE = YES;
				CLANG_WARN__DUPLICATE_METHOD_MATCH = YES;
				"CODE_SIGN_IDENTITY[sdk=iphoneos*]" = "iPhone Developer";
				COPY_PHASE_STRIP = NO;
				DEBUG_INFORMATION_FORMAT = "dwarf-with-dsym";
				ENABLE_NS_ASSERTIONS = NO;
				ENABLE_STRICT_OBJC_MSGSEND = YES;
				GCC_C_LANGUAGE_STANDARD = gnu99;
				GCC_NO_COMMON_BLOCKS = YES;
				GCC_WARN_64_TO_32_BIT_CONVERSION = YES;
				GCC_WARN_ABOUT_RETURN_TYPE = YES_ERROR;
				GCC_WARN_UNDECLARED_SELECTOR = YES;
				GCC_WARN_UNINITIALIZED_AUTOS = YES_AGGRESSIVE;
				GCC_WARN_UNUSED_FUNCTION = YES;
				GCC_WARN_UNUSED_VARIABLE = YES;
				IPHONEOS_DEPLOYMENT_TARGET = 10.0;
				MTL_ENABLE_DEBUG_INFO = NO;
				SDKROOT = iphoneos;
				SWIFT_OPTIMIZATION_LEVEL = "-Owholemodule";
				TARGETED_DEVICE_FAMILY = "1,2";
				VALIDATE_PRODUCT = YES;
			};
			name = Release;
		};
		E1B74E241DA3240400E008E0 /* Debug */ = {
			isa = XCBuildConfiguration;
			buildSettings = {
				ASSETCATALOG_COMPILER_APPICON_NAME = AppIcon;
				DEVELOPMENT_TEAM = GU9878X2D5;
				INFOPLIST_FILE = Buzz/Info.plist;
				LD_RUNPATH_SEARCH_PATHS = "$(inherited) @executable_path/Frameworks";
				PRODUCT_BUNDLE_IDENTIFIER = com.aii.Buzz;
				PRODUCT_NAME = "$(TARGET_NAME)";
				SWIFT_VERSION = 3.0;
			};
			name = Debug;
		};
		E1B74E251DA3240400E008E0 /* Release */ = {
			isa = XCBuildConfiguration;
			buildSettings = {
				ASSETCATALOG_COMPILER_APPICON_NAME = AppIcon;
				DEVELOPMENT_TEAM = GU9878X2D5;
				INFOPLIST_FILE = Buzz/Info.plist;
				LD_RUNPATH_SEARCH_PATHS = "$(inherited) @executable_path/Frameworks";
				PRODUCT_BUNDLE_IDENTIFIER = com.aii.Buzz;
				PRODUCT_NAME = "$(TARGET_NAME)";
				SWIFT_VERSION = 3.0;
			};
			name = Release;
		};
		E1B74E271DA3240400E008E0 /* Debug */ = {
			isa = XCBuildConfiguration;
			buildSettings = {
				ALWAYS_EMBED_SWIFT_STANDARD_LIBRARIES = YES;
				BUNDLE_LOADER = "$(TEST_HOST)";
				DEVELOPMENT_TEAM = GU9878X2D5;
				INFOPLIST_FILE = BuzzTests/Info.plist;
				LD_RUNPATH_SEARCH_PATHS = "$(inherited) @executable_path/Frameworks @loader_path/Frameworks";
				PRODUCT_BUNDLE_IDENTIFIER = com.aii.BuzzTests;
				PRODUCT_NAME = "$(TARGET_NAME)";
				SWIFT_VERSION = 3.0;
				TEST_HOST = "$(BUILT_PRODUCTS_DIR)/Buzz.app/Buzz";
			};
			name = Debug;
		};
		E1B74E281DA3240400E008E0 /* Release */ = {
			isa = XCBuildConfiguration;
			buildSettings = {
				ALWAYS_EMBED_SWIFT_STANDARD_LIBRARIES = YES;
				BUNDLE_LOADER = "$(TEST_HOST)";
				DEVELOPMENT_TEAM = GU9878X2D5;
				INFOPLIST_FILE = BuzzTests/Info.plist;
				LD_RUNPATH_SEARCH_PATHS = "$(inherited) @executable_path/Frameworks @loader_path/Frameworks";
				PRODUCT_BUNDLE_IDENTIFIER = com.aii.BuzzTests;
				PRODUCT_NAME = "$(TARGET_NAME)";
				SWIFT_VERSION = 3.0;
				TEST_HOST = "$(BUILT_PRODUCTS_DIR)/Buzz.app/Buzz";
			};
			name = Release;
		};
/* End XCBuildConfiguration section */

/* Begin XCConfigurationList section */
		E1B74E011DA3240400E008E0 /* Build configuration list for PBXProject "Buzz" */ = {
			isa = XCConfigurationList;
			buildConfigurations = (
				E1B74E211DA3240400E008E0 /* Debug */,
				E1B74E221DA3240400E008E0 /* Release */,
			);
			defaultConfigurationIsVisible = 0;
			defaultConfigurationName = Release;
		};
		E1B74E231DA3240400E008E0 /* Build configuration list for PBXNativeTarget "Buzz" */ = {
			isa = XCConfigurationList;
			buildConfigurations = (
				E1B74E241DA3240400E008E0 /* Debug */,
				E1B74E251DA3240400E008E0 /* Release */,
			);
			defaultConfigurationIsVisible = 0;
			defaultConfigurationName = Release;
		};
		E1B74E261DA3240400E008E0 /* Build configuration list for PBXNativeTarget "BuzzTests" */ = {
			isa = XCConfigurationList;
			buildConfigurations = (
				E1B74E271DA3240400E008E0 /* Debug */,
				E1B74E281DA3240400E008E0 /* Release */,
			);
			defaultConfigurationIsVisible = 0;
			defaultConfigurationName = Release;
		};
/* End XCConfigurationList section */
	};
	rootObject = E1B74DFE1DA3240400E008E0 /* Project object */;
}
